Microsoft Visual Studio Solution File, Format Version 12.00
# Visual Studio Version 17
VisualStudioVersion = 17.5.2.0
MinimumVisualStudioVersion = 10.0.40219.1
Project("{FAE04EC0-301F-11D3-BF4B-00C04F79EFBC}") = "Nexus.CampeaoEscolar.WebApi", "Nexus.CampeaoEscolar.WebApi.csproj", "{18174297-96F5-2AA1-06A3-34F27C62528F}"
EndProject
Global
	GlobalSection(SolutionConfigurationPlatforms) = preSolution
		Debug|Any CPU = Debug|Any CPU
		Release|Any CPU = Release|Any CPU
	EndGlobalSection
	GlobalSection(ProjectConfigurationPlatforms) = postSolution
		{18174297-96F5-2AA1-06A3-34F27C62528F}.Debug|Any CPU.ActiveCfg = Debug|Any CPU
		{18174297-96F5-2AA1-06A3-34F27C62528F}.Debug|Any CPU.Build.0 = Debug|Any CPU
		{18174297-96F5-2AA1-06A3-34F27C62528F}.Release|Any CPU.ActiveCfg = Release|Any CPU
		{18174297-96F5-2AA1-06A3-34F27C62528F}.Release|Any CPU.Build.0 = Release|Any CPU
	EndGlobalSection
	GlobalSection(SolutionProperties) = preSolution
		HideSolutionNode = FALSE
	EndGlobalSection
	GlobalSection(ExtensibilityGlobals) = postSolution
		SolutionGuid = {741BB6AE-3280-4923-91A6-4DD080044A6F}
	EndGlobalSection
EndGlobal
